
Microsoft Visual Studio Solution File, Format Version 12.00
# Visual Studio 15
VisualStudioVersion = 15.0.28307.1062
MinimumVisualStudioVersion = 10.0.40219.1
Project("{FAE04EC0-301F-11D3-BF4B-00C04F79EFBC}") = "PGL.EFAutoMigrator", "PGL.EFAutoMigrator.csproj", "{D1032397-BD2C-4443-BE85-4B7A91BA67CA}"
EndProject
Global
	GlobalSection(SolutionConfigurationPlatforms) = preSolution
		Debug|Any CPU = Debug|Any CPU
		Release|Any CPU = Release|Any CPU
	EndGlobalSection
	GlobalSection(ProjectConfigurationPlatforms) = postSolution
		{D1032397-BD2C-4443-BE85-4B7A91BA67CA}.Debug|Any CPU.ActiveCfg = Debug|Any CPU
		{D1032397-BD2C-4443-BE85-4B7A91BA67CA}.Debug|Any CPU.Build.0 = Debug|Any CPU
		{D1032397-BD2C-4443-BE85-4B7A91BA67CA}.Release|Any CPU.ActiveCfg = Release|Any CPU
		{D1032397-BD2C-4443-BE85-4B7A91BA67CA}.Release|Any CPU.Build.0 = Release|Any CPU
	EndGlobalSection
	GlobalSection(SolutionProperties) = preSolution
		HideSolutionNode = FALSE
	EndGlobalSection
	GlobalSection(ExtensibilityGlobals) = postSolution
		SolutionGuid = {2CFB2B85-4B75-431A-B4FD-18BF380FD457}
	EndGlobalSection
EndGlobal
